{
  "pins" : [
    {
      "identity" : "wwkeychain",
      "kind" : "remoteSourceControl",
      "location" : "https://github.com/William-Weng/WWKeychain",
      "state" : {
        "revision" : "6e6d729d9c9ec6efb8a7bb05ced6fe3345e26c75",
        "version" : "1.0.3"
      }
    },
    {
      "identity" : "wwprint",
      "kind" : "remoteSourceControl",
      "location" : "https://github.com/William-Weng/WWPrint",
      "state" : {
        "revision" : "6b70fabaa1dbeac95b224384819e231a1220900a",
        "version" : "1.2.0"
      }
    }
  ],
  "version" : 2
}
